{
  "nodes": {
    "home-manager": {
      "inputs": {
        "nixpkgs": [
          "nix-infra-modules",
          "nixpkgs"
        ]
      },
      "locked": {
        "lastModified": 1783388784,
        "narHash": "sha256-w+YU5vatysjLZIg1wOKSzo/RL9Z66eBQuIjVnBM/1Zg=",
        "owner": "nix-community",
        "repo": "home-manager",
        "rev": "63d02d1c19f1c2b47a5bc7e55c620b6af7b218a6",
        "type": "github"
      },
      "original": {
        "owner": "nix-community",
        "ref": "master",
        "repo": "home-manager",
        "type": "github"
      }
    },
    "nix-infra-modules": {
      "inputs": {
        "home-manager": "home-manager",
        "nixpkgs": [
          "nixpkgs"
        ]
      },
      "locked": {
        "lastModified": 1786482597,
        "narHash": "sha256-l9c445Mlbo1d9VDq8B5m1GOYS5dd9Mva2Y3nfVqQ+R4=",
        "owner": "HaukeSchnau",
        "repo": "nix-infra-modules",
        "rev": "3d11957d4d1c585578548c9a66a95be4edb4021d",
        "type": "github"
      },
      "original": {
        "owner": "HaukeSchnau",
        "repo": "nix-infra-modules",
        "rev": "3d11957d4d1c585578548c9a66a95be4edb4021d",
        "type": "github"
      }
    },
    "nixpkgs": {
      "locked": {
        "lastModified": 1780243769,
        "narHash": "sha256-x5UQuRsH3MqI0U9afaXSNqzTPSeZlRLvFAav2Ux1pNw=",
        "owner": "NixOS",
        "repo": "nixpkgs",
        "rev": "331800de5053fcebacf6813adb5db9c9dca22a0c",
        "type": "github"
      },
      "original": {
        "owner": "NixOS",
        "ref": "nixos-unstable",
        "repo": "nixpkgs",
        "type": "github"
      }
    },
    "root": {
      "inputs": {
        "nix-infra-modules": "nix-infra-modules",
        "nixpkgs": "nixpkgs"
      }
    }
  },
  "root": "root",
  "version": 7
}
